
Microsoft Visual Studio Solution File, Format Version 12.00
# Visual Studio Version 17
VisualStudioVersion = 17.7.34031.279
MinimumVisualStudioVersion = 10.0.40219.1
Project("{FAE04EC0-301F-11D3-BF4B-00C04F79EFBC}") = "maui-svg-ttf", "maui-svg-ttf\maui-svg-ttf.csproj", "{B9DDFFDD-E808-45AD-8219-FE99E6AA3559}"
EndProject
Global
	GlobalSection(SolutionConfigurationPlatforms) = preSolution
		Debug|Any CPU = Debug|Any CPU
		Release|Any CPU = Release|Any CPU
	EndGlobalSection
	GlobalSection(ProjectConfigurationPlatforms) = postSolution
		{B9DDFFDD-E808-45AD-8219-FE99E6AA3559}.Debug|Any CPU.ActiveCfg = Debug|Any CPU
		{B9DDFFDD-E808-45AD-8219-FE99E6AA3559}.Debug|Any CPU.Build.0 = Debug|Any CPU
		{B9DDFFDD-E808-45AD-8219-FE99E6AA3559}.Debug|Any CPU.Deploy.0 = Debug|Any CPU
		{B9DDFFDD-E808-45AD-8219-FE99E6AA3559}.Release|Any CPU.ActiveCfg = Release|Any CPU
		{B9DDFFDD-E808-45AD-8219-FE99E6AA3559}.Release|Any CPU.Build.0 = Release|Any CPU
		{B9DDFFDD-E808-45AD-8219-FE99E6AA3559}.Release|Any CPU.Deploy.0 = Release|Any CPU
	EndGlobalSection
	GlobalSection(SolutionProperties) = preSolution
		HideSolutionNode = FALSE
	EndGlobalSection
	GlobalSection(ExtensibilityGlobals) = postSolution
		SolutionGuid = {1D3C4D52-DA7A-4B37-8FAA-B6ADFC2AE92F}
	EndGlobalSection
EndGlobal
